{
  "projects": [
    {
      "projectId": "oFUojo7aVsD6ehtiM6NzP7",
      "version": "latest",
      "dependencies": {},
      "lang": "js",
      "fileLocks": [
        {
          "type": "globalVariant",
          "assetId": "8P4Y7o-_tJLVv",
          "checksum": "12e280b1cefdaa0ca42d39544ba1b1e5"
        },
        {
          "type": "renderModule",
          "assetId": "H_wdk83Ky7Hk",
          "checksum": "474cd7d0651dc06fe4457283c9415a67"
        },
        {
          "type": "cssRules",
          "assetId": "H_wdk83Ky7Hk",
          "checksum": "474cd7d0651dc06fe4457283c9415a67"
        },
        {
          "type": "image",
          "assetId": "ky5cULuSv",
          "checksum": "626cd19c2a8c80775e1f6a85f9cb1c8c"
        },
        {
          "type": "image",
          "assetId": "0DvFWH_la2",
          "checksum": "02b207dc230e0ae52531c9df2b3b9822"
        },
        {
          "type": "image",
          "assetId": "czSDfAerxj",
          "checksum": "fceb06217c0941804bcdff9bbb9f5e4d"
        },
        {
          "type": "image",
          "assetId": "T_NYsgexrK",
          "checksum": "93adae9703c6a333ef4c8ed85741d2f5"
        },
        {
          "type": "image",
          "assetId": "KjZY4cNYBI",
          "checksum": "2325fef9854f779bbda5c3247ea1a3e0"
        },
        {
          "type": "image",
          "assetId": "SXsSNdbckg",
          "checksum": "81d4340e054e5311e7db23374616b8f1"
        },
        {
          "type": "image",
          "assetId": "bOy8Cqovsq",
          "checksum": "f32c28ee22a73f43990f3cead1e24c91"
        },
        {
          "type": "image",
          "assetId": "XbhD4ijYxI",
          "checksum": "af16f58cdb6cef6fb82ef89368635e0d"
        },
        {
          "type": "image",
          "assetId": "rrZ8faSmGp",
          "checksum": "ad464aa16ffde3893012f466fa1ea74c"
        },
        {
          "type": "image",
          "assetId": "VlAOY3Up6O",
          "checksum": "a457e1b6984231ec09f330a13576d74b"
        },
        {
          "type": "image",
          "assetId": "k-Dipxh7Cf",
          "checksum": "7b87eb58bb21fc4651b5729363c5e824"
        },
        {
          "type": "image",
          "assetId": "El7OfgYldi",
          "checksum": "7c1c41baa91ab0aaf7e709a0a13c032a"
        },
        {
          "type": "image",
          "assetId": "lpqHk4Zgt3",
          "checksum": "d82d90c84ecbb5f000b0377a5ca91d39"
        },
        {
          "type": "image",
          "assetId": "a0j09JxByf",
          "checksum": "f66f6904d78ec62eab22d8040efe3b73"
        },
        {
          "type": "image",
          "assetId": "uDm7p8CTfL",
          "checksum": "e12e8f891fd4902f616cb61f3f11c676"
        },
        {
          "type": "image",
          "assetId": "cBjMfCu4rs",
          "checksum": "8093cf397d1d04d4135a66911deaeff1"
        },
        {
          "type": "image",
          "assetId": "q9cvAVknaWP",
          "checksum": "3579b2252a99dd65a354e362d0db93c1"
        },
        {
          "type": "image",
          "assetId": "-YAd5ZTGY0G",
          "checksum": "4c91ed0da9971d3069661d5592bdefbe"
        },
        {
          "type": "image",
          "assetId": "OWGw7_xBDSc",
          "checksum": "56e4b5f1233594b7ba5944d4b4076482"
        },
        {
          "type": "image",
          "assetId": "M2uoV-jwtV0",
          "checksum": "7c9ea4df56f4dc1f9bc984fe64142cab"
        },
        {
          "type": "image",
          "assetId": "x0HkueiZZHR",
          "checksum": "b13daae83aaaf128bb5a7c6fdce2f7db"
        },
        {
          "type": "image",
          "assetId": "o9sCln42xSm",
          "checksum": "229de39ed1e227f12f8f8ac18ebf685e"
        },
        {
          "type": "image",
          "assetId": "dqeE7rkvpZ9",
          "checksum": "f2f6349ecb438ba5524f7065b9469a67"
        },
        {
          "type": "image",
          "assetId": "L6agksml2SY",
          "checksum": "4510ab0767c543364efd37037173ae6f"
        },
        {
          "type": "image",
          "assetId": "A9UZdsybS_s",
          "checksum": "0d692a8d77dd38edd99e2b90ce3cc8bd"
        },
        {
          "type": "image",
          "assetId": "ixxvAieM1cB",
          "checksum": "a45a8f81ada4ff086d69ec647fc397bc"
        },
        {
          "type": "image",
          "assetId": "78kLTFX3m-5",
          "checksum": "9f95d60706a3018b48a2a7e9e5eb18cc"
        },
        {
          "type": "image",
          "assetId": "YR6KpTZjps9",
          "checksum": "b8c70e799027cf2f3b0ca445bb20706c"
        },
        {
          "type": "image",
          "assetId": "yxoT0B5doRN",
          "checksum": "e4fe55bf0161a46a95488a7141e3cf88"
        },
        {
          "type": "image",
          "assetId": "db0tG1du0u0",
          "checksum": "0ad32cd967cc860fbae3c64341b70293"
        },
        {
          "type": "image",
          "assetId": "RjARXyh0rP1",
          "checksum": "1c935125c476a823477ed2c5beb23430"
        },
        {
          "type": "image",
          "assetId": "kjFJGqSkcvg",
          "checksum": "d444268ca455fddd0e74a0ac933174e1"
        },
        {
          "assetId": "oFUojo7aVsD6ehtiM6NzP7",
          "type": "projectCss",
          "checksum": "a5352ba046e48105ac7637bb72f565c3"
        },
        {
          "type": "renderModule",
          "assetId": "bRCuFtWqP5",
          "checksum": "37f31ce2f18bf3a8dc1f438031167bfd"
        },
        {
          "type": "cssRules",
          "assetId": "bRCuFtWqP5",
          "checksum": "37f31ce2f18bf3a8dc1f438031167bfd"
        },
        {
          "type": "icon",
          "assetId": "xai3jr8w45",
          "checksum": "1daa39a55fc9cfa021593e5843010349"
        },
        {
          "type": "icon",
          "assetId": "v4U96v3cMN",
          "checksum": "f6fc4ed14904c49cbda3a46db91ba67d"
        },
        {
          "type": "icon",
          "assetId": "n270KKgyDH",
          "checksum": "bb01951f1719f5372756fcd1e2457c07"
        },
        {
          "type": "icon",
          "assetId": "oEdLKmaRskG",
          "checksum": "b9278e8edfde7e3df93a2a81d0c54dcd"
        },
        {
          "type": "icon",
          "assetId": "izBJLvjAIiR",
          "checksum": "4620d02d9aee2fd5ac5e92b528808800"
        },
        {
          "type": "icon",
          "assetId": "cjjvhpwRtNh",
          "checksum": "8ffeb64bcf577ad307acf383dd04c649"
        },
        {
          "type": "icon",
          "assetId": "UkVtyV6MECa",
          "checksum": "b21023598f833c116ced8c510d2d235f"
        },
        {
          "type": "icon",
          "assetId": "PvIZ5vOWHQk",
          "checksum": "9b2e52b9fd2fd69a5bde0d523e9b85c2"
        },
        {
          "type": "icon",
          "assetId": "2XHoC0SBAUS",
          "checksum": "69d8dae07cbce1edf012cae3cf2fefa3"
        },
        {
          "type": "icon",
          "assetId": "aX3TCd2Tg9w",
          "checksum": "259ec044fbd2730266f7014444ec0b19"
        },
        {
          "type": "icon",
          "assetId": "amPo49CxQaf",
          "checksum": "5b5c0604693b06c2b07e1b78fd0e94c9"
        },
        {
          "type": "icon",
          "assetId": "uu71p-EbTLj",
          "checksum": "f7f4104050e9d31208a9c0d7cf453946"
        },
        {
          "type": "icon",
          "assetId": "Pr6H7hfnHTK",
          "checksum": "244b63b9eca554812b2e42597a3a7f37"
        },
        {
          "type": "icon",
          "assetId": "FMWi0CjOk8D",
          "checksum": "d17f6b795c858089a8821ffc2e230e83"
        },
        {
          "type": "icon",
          "assetId": "390X3FEQQlf",
          "checksum": "5922b6a8cd8895d56488553493da3151"
        },
        {
          "type": "icon",
          "assetId": "M_LIR3av0ES",
          "checksum": "e5e6838a4606143c2088b9b435f4a045"
        },
        {
          "type": "icon",
          "assetId": "tHYFpo2ojig",
          "checksum": "7fbdd43133eb97c4e9d40941379ac5b0"
        },
        {
          "type": "icon",
          "assetId": "-Whe7oTV1yk",
          "checksum": "f2d2d816c1471d10c615d79c4e210cc0"
        },
        {
          "type": "image",
          "assetId": "fvZQjGu7G",
          "checksum": "64a6393ac48ef4db6223830e162493b2"
        },
        {
          "type": "image",
          "assetId": "WGexH6Tw4c",
          "checksum": "29c2188af477b1b2ef90694e7d9852f3"
        },
        {
          "type": "image",
          "assetId": "GFvA0pzxR6",
          "checksum": "dc55c0d1374407455d1ef8ed8cc37737"
        },
        {
          "type": "image",
          "assetId": "pvM0P1AGBM",
          "checksum": "c4c11131e77c30fd9ac195318419ac02"
        },
        {
          "type": "image",
          "assetId": "9Jcw-_Bfgx",
          "checksum": "8ad93455fbf951752d07e90516d664a4"
        },
        {
          "type": "image",
          "assetId": "zxam_hUguS",
          "checksum": "e9867d92317050b9fb8abe682ac0939b"
        },
        {
          "type": "image",
          "assetId": "wFgGYuzIhG",
          "checksum": "0974fbf86abcf29763cc0e53c89105da"
        },
        {
          "type": "image",
          "assetId": "AvGENgODtH",
          "checksum": "2f09045caf3323770f942319a5ed5ac1"
        },
        {
          "type": "image",
          "assetId": "qZ_y3OAPnE",
          "checksum": "9897c7392a4c11cf8f4699c9e5f0e5a2"
        },
        {
          "type": "image",
          "assetId": "kSXQMazz6z",
          "checksum": "63c588c8a389f78bf5c8f14dfbddeb86"
        },
        {
          "type": "image",
          "assetId": "FKeu19CyQV",
          "checksum": "6f8c199f546a03e70999e08fac6cfe33"
        },
        {
          "type": "image",
          "assetId": "gB8VYxr1DvD",
          "checksum": "b7b196edfad90a422c1dce8c2d11b30f"
        }
      ],
      "codegenVersion": "0.0.1"
    }
  ],
  "cliVersion": "0.1.178"
}
